
Microsoft Visual Studio Solution File, Format Version 12.00
# Visual Studio 2012
Project("{F184B08F-C81C-45F6-A57F-5ABD9991F28F}") = "CuriousB", "CuriousB\CuriousB.vbproj", "{9CA2BA06-17A9-4A2B-BCDB-5360C5150775}"
EndProject
Project("{F184B08F-C81C-45F6-A57F-5ABD9991F28F}") = "CuriousB.Tests", "CuriousB.Tests\CuriousB.Tests.vbproj", "{53006926-66DA-43FA-9F71-3E3F2CBD9B58}"
EndProject
Project("{F184B08F-C81C-45F6-A57F-5ABD9991F28F}") = "CuriousBLib", "CuriousBLib\CuriousBLib.vbproj", "{348AA6E1-40D4-4DDA-9F8F-6B4749887E58}"
EndProject
Project("{F184B08F-C81C-45F6-A57F-5ABD9991F28F}") = "MsSQLDatabase", "..\VipBackpackers 4.0\VipBackpackers\MsSQLDatabase\MsSQLDatabase.vbproj", "{CBAF4F01-1266-4948-9652-05B05B1500E0}"
EndProject
Global
	GlobalSection(SolutionConfigurationPlatforms) = preSolution
		Debug|Any CPU = Debug|Any CPU
		Release|Any CPU = Release|Any CPU
	EndGlobalSection
	GlobalSection(ProjectConfigurationPlatforms) = postSolution
		{9CA2BA06-17A9-4A2B-BCDB-5360C5150775}.Debug|Any CPU.ActiveCfg = Debug|Any CPU
		{9CA2BA06-17A9-4A2B-BCDB-5360C5150775}.Debug|Any CPU.Build.0 = Debug|Any CPU
		{9CA2BA06-17A9-4A2B-BCDB-5360C5150775}.Release|Any CPU.ActiveCfg = Release|Any CPU
		{9CA2BA06-17A9-4A2B-BCDB-5360C5150775}.Release|Any CPU.Build.0 = Release|Any CPU
		{53006926-66DA-43FA-9F71-3E3F2CBD9B58}.Debug|Any CPU.ActiveCfg = Debug|Any CPU
		{53006926-66DA-43FA-9F71-3E3F2CBD9B58}.Debug|Any CPU.Build.0 = Debug|Any CPU
		{53006926-66DA-43FA-9F71-3E3F2CBD9B58}.Release|Any CPU.ActiveCfg = Release|Any CPU
		{53006926-66DA-43FA-9F71-3E3F2CBD9B58}.Release|Any CPU.Build.0 = Release|Any CPU
		{348AA6E1-40D4-4DDA-9F8F-6B4749887E58}.Debug|Any CPU.ActiveCfg = Debug|Any CPU
		{348AA6E1-40D4-4DDA-9F8F-6B4749887E58}.Debug|Any CPU.Build.0 = Debug|Any CPU
		{348AA6E1-40D4-4DDA-9F8F-6B4749887E58}.Release|Any CPU.ActiveCfg = Release|Any CPU
		{348AA6E1-40D4-4DDA-9F8F-6B4749887E58}.Release|Any CPU.Build.0 = Release|Any CPU
		{CBAF4F01-1266-4948-9652-05B05B1500E0}.Debug|Any CPU.ActiveCfg = Debug|Any CPU
		{CBAF4F01-1266-4948-9652-05B05B1500E0}.Debug|Any CPU.Build.0 = Debug|Any CPU
		{CBAF4F01-1266-4948-9652-05B05B1500E0}.Release|Any CPU.ActiveCfg = Release|Any CPU
		{CBAF4F01-1266-4948-9652-05B05B1500E0}.Release|Any CPU.Build.0 = Release|Any CPU
	EndGlobalSection
	GlobalSection(SolutionProperties) = preSolution
		HideSolutionNode = FALSE
	EndGlobalSection
EndGlobal
